
Microsoft Visual Studio Solution File, Format Version 12.00
# Visual Studio 15
VisualStudioVersion = 15.0.26124.0
MinimumVisualStudioVersion = 15.0.26124.0
Project("{FAE04EC0-301F-11D3-BF4B-00C04F79EFBC}") = "Domain", "Domain\Domain.csproj", "{4E6AC455-E114-4B6A-ACCB-B2E58A7E590C}"
EndProject
Project("{FAE04EC0-301F-11D3-BF4B-00C04F79EFBC}") = "Application", "Application\Application.csproj", "{BD6E33F5-E7D2-484B-BC65-0DF891BBE899}"
EndProject
Project("{FAE04EC0-301F-11D3-BF4B-00C04F79EFBC}") = "Persistence", "Persistence\Persistence.csproj", "{41B5BBBC-BB02-4800-A46D-3AC4489DE2E1}"
EndProject
Project("{FAE04EC0-301F-11D3-BF4B-00C04F79EFBC}") = "API", "API\API.csproj", "{5A84F274-D82E-42A6-AA18-45262CB2553F}"
EndProject
Global
	GlobalSection(SolutionConfigurationPlatforms) = preSolution
		Debug|Any CPU = Debug|Any CPU
		Debug|x64 = Debug|x64
		Debug|x86 = Debug|x86
		Release|Any CPU = Release|Any CPU
		Release|x64 = Release|x64
		Release|x86 = Release|x86
	EndGlobalSection
	GlobalSection(SolutionProperties) = preSolution
		HideSolutionNode = FALSE
	EndGlobalSection
	GlobalSection(ProjectConfigurationPlatforms) = postSolution
		{4E6AC455-E114-4B6A-ACCB-B2E58A7E590C}.Debug|Any CPU.ActiveCfg = Debug|Any CPU
		{4E6AC455-E114-4B6A-ACCB-B2E58A7E590C}.Debug|Any CPU.Build.0 = Debug|Any CPU
		{4E6AC455-E114-4B6A-ACCB-B2E58A7E590C}.Debug|x64.ActiveCfg = Debug|Any CPU
		{4E6AC455-E114-4B6A-ACCB-B2E58A7E590C}.Debug|x64.Build.0 = Debug|Any CPU
		{4E6AC455-E114-4B6A-ACCB-B2E58A7E590C}.Debug|x86.ActiveCfg = Debug|Any CPU
		{4E6AC455-E114-4B6A-ACCB-B2E58A7E590C}.Debug|x86.Build.0 = Debug|Any CPU
		{4E6AC455-E114-4B6A-ACCB-B2E58A7E590C}.Release|Any CPU.ActiveCfg = Release|Any CPU
		{4E6AC455-E114-4B6A-ACCB-B2E58A7E590C}.Release|Any CPU.Build.0 = Release|Any CPU
		{4E6AC455-E114-4B6A-ACCB-B2E58A7E590C}.Release|x64.ActiveCfg = Release|Any CPU
		{4E6AC455-E114-4B6A-ACCB-B2E58A7E590C}.Release|x64.Build.0 = Release|Any CPU
		{4E6AC455-E114-4B6A-ACCB-B2E58A7E590C}.Release|x86.ActiveCfg = Release|Any CPU
		{4E6AC455-E114-4B6A-ACCB-B2E58A7E590C}.Release|x86.Build.0 = Release|Any CPU
		{BD6E33F5-E7D2-484B-BC65-0DF891BBE899}.Debug|Any CPU.ActiveCfg = Debug|Any CPU
		{BD6E33F5-E7D2-484B-BC65-0DF891BBE899}.Debug|Any CPU.Build.0 = Debug|Any CPU
		{BD6E33F5-E7D2-484B-BC65-0DF891BBE899}.Debug|x64.ActiveCfg = Debug|Any CPU
		{BD6E33F5-E7D2-484B-BC65-0DF891BBE899}.Debug|x64.Build.0 = Debug|Any CPU
		{BD6E33F5-E7D2-484B-BC65-0DF891BBE899}.Debug|x86.ActiveCfg = Debug|Any CPU
		{BD6E33F5-E7D2-484B-BC65-0DF891BBE899}.Debug|x86.Build.0 = Debug|Any CPU
		{BD6E33F5-E7D2-484B-BC65-0DF891BBE899}.Release|Any CPU.ActiveCfg = Release|Any CPU
		{BD6E33F5-E7D2-484B-BC65-0DF891BBE899}.Release|Any CPU.Build.0 = Release|Any CPU
		{BD6E33F5-E7D2-484B-BC65-0DF891BBE899}.Release|x64.ActiveCfg = Release|Any CPU
		{BD6E33F5-E7D2-484B-BC65-0DF891BBE899}.Release|x64.Build.0 = Release|Any CPU
		{BD6E33F5-E7D2-484B-BC65-0DF891BBE899}.Release|x86.ActiveCfg = Release|Any CPU
		{BD6E33F5-E7D2-484B-BC65-0DF891BBE899}.Release|x86.Build.0 = Release|Any CPU
		{41B5BBBC-BB02-4800-A46D-3AC4489DE2E1}.Debug|Any CPU.ActiveCfg = Debug|Any CPU
		{41B5BBBC-BB02-4800-A46D-3AC4489DE2E1}.Debug|Any CPU.Build.0 = Debug|Any CPU
		{41B5BBBC-BB02-4800-A46D-3AC4489DE2E1}.Debug|x64.ActiveCfg = Debug|Any CPU
		{41B5BBBC-BB02-4800-A46D-3AC4489DE2E1}.Debug|x64.Build.0 = Debug|Any CPU
		{41B5BBBC-BB02-4800-A46D-3AC4489DE2E1}.Debug|x86.ActiveCfg = Debug|Any CPU
		{41B5BBBC-BB02-4800-A46D-3AC4489DE2E1}.Debug|x86.Build.0 = Debug|Any CPU
		{41B5BBBC-BB02-4800-A46D-3AC4489DE2E1}.Release|Any CPU.ActiveCfg = Release|Any CPU
		{41B5BBBC-BB02-4800-A46D-3AC4489DE2E1}.Release|Any CPU.Build.0 = Release|Any CPU
		{41B5BBBC-BB02-4800-A46D-3AC4489DE2E1}.Release|x64.ActiveCfg = Release|Any CPU
		{41B5BBBC-BB02-4800-A46D-3AC4489DE2E1}.Release|x64.Build.0 = Release|Any CPU
		{41B5BBBC-BB02-4800-A46D-3AC4489DE2E1}.Release|x86.ActiveCfg = Release|Any CPU
		{41B5BBBC-BB02-4800-A46D-3AC4489DE2E1}.Release|x86.Build.0 = Release|Any CPU
		{5A84F274-D82E-42A6-AA18-45262CB2553F}.Debug|Any CPU.ActiveCfg = Debug|Any CPU
		{5A84F274-D82E-42A6-AA18-45262CB2553F}.Debug|Any CPU.Build.0 = Debug|Any CPU
		{5A84F274-D82E-42A6-AA18-45262CB2553F}.Debug|x64.ActiveCfg = Debug|Any CPU
		{5A84F274-D82E-42A6-AA18-45262CB2553F}.Debug|x64.Build.0 = Debug|Any CPU
		{5A84F274-D82E-42A6-AA18-45262CB2553F}.Debug|x86.ActiveCfg = Debug|Any CPU
		{5A84F274-D82E-42A6-AA18-45262CB2553F}.Debug|x86.Build.0 = Debug|Any CPU
		{5A84F274-D82E-42A6-AA18-45262CB2553F}.Release|Any CPU.ActiveCfg = Release|Any CPU
		{5A84F274-D82E-42A6-AA18-45262CB2553F}.Release|Any CPU.Build.0 = Release|Any CPU
		{5A84F274-D82E-42A6-AA18-45262CB2553F}.Release|x64.ActiveCfg = Release|Any CPU
		{5A84F274-D82E-42A6-AA18-45262CB2553F}.Release|x64.Build.0 = Release|Any CPU
		{5A84F274-D82E-42A6-AA18-45262CB2553F}.Release|x86.ActiveCfg = Release|Any CPU
		{5A84F274-D82E-42A6-AA18-45262CB2553F}.Release|x86.Build.0 = Release|Any CPU
	EndGlobalSection
EndGlobal
